
Microsoft Visual Studio Solution File, Format Version 12.00
# Visual Studio Version 17
VisualStudioVersion = 17.3.32901.215
MinimumVisualStudioVersion = 10.0.40219.1
Project("{FAE04EC0-301F-11D3-BF4B-00C04F79EFBC}") = "quiz sorusu-836", "quiz sorusu-836\quiz sorusu-836.csproj", "{6BBEEA9D-A82A-4B43-B170-52D6E4037231}"
EndProject
Global
	GlobalSection(SolutionConfigurationPlatforms) = preSolution
		Debug|Any CPU = Debug|Any CPU
		Release|Any CPU = Release|Any CPU
	EndGlobalSection
	GlobalSection(ProjectConfigurationPlatforms) = postSolution
		{6BBEEA9D-A82A-4B43-B170-52D6E4037231}.Debug|Any CPU.ActiveCfg = Debug|Any CPU
		{6BBEEA9D-A82A-4B43-B170-52D6E4037231}.Debug|Any CPU.Build.0 = Debug|Any CPU
		{6BBEEA9D-A82A-4B43-B170-52D6E4037231}.Release|Any CPU.ActiveCfg = Release|Any CPU
		{6BBEEA9D-A82A-4B43-B170-52D6E4037231}.Release|Any CPU.Build.0 = Release|Any CPU
	EndGlobalSection
	GlobalSection(SolutionProperties) = preSolution
		HideSolutionNode = FALSE
	EndGlobalSection
	GlobalSection(ExtensibilityGlobals) = postSolution
		SolutionGuid = {98A70E4F-C9F1-4EFE-93E0-D0546A0E8AAF}
	EndGlobalSection
EndGlobal
